
Microsoft Visual Studio Solution File, Format Version 12.00
# Visual Studio Version 17
VisualStudioVersion = 17.3.32825.248
MinimumVisualStudioVersion = 10.0.40219.1
Project("{9A19103F-16F7-4668-BE54-9A1E7A4F7556}") = "Exec_Fee", "Exec_Fee\Exec_Fee.csproj", "{F1785213-0DE8-48F4-B5DF-5F1C2FF02574}"
EndProject
Global
	GlobalSection(SolutionConfigurationPlatforms) = preSolution
		Debug|Any CPU = Debug|Any CPU
		Release|Any CPU = Release|Any CPU
	EndGlobalSection
	GlobalSection(ProjectConfigurationPlatforms) = postSolution
		{F1785213-0DE8-48F4-B5DF-5F1C2FF02574}.Debug|Any CPU.ActiveCfg = Debug|Any CPU
		{F1785213-0DE8-48F4-B5DF-5F1C2FF02574}.Debug|Any CPU.Build.0 = Debug|Any CPU
		{F1785213-0DE8-48F4-B5DF-5F1C2FF02574}.Release|Any CPU.ActiveCfg = Release|Any CPU
		{F1785213-0DE8-48F4-B5DF-5F1C2FF02574}.Release|Any CPU.Build.0 = Release|Any CPU
	EndGlobalSection
	GlobalSection(SolutionProperties) = preSolution
		HideSolutionNode = FALSE
	EndGlobalSection
	GlobalSection(ExtensibilityGlobals) = postSolution
		SolutionGuid = {3F533A42-3B86-4173-83B1-B54B1959D86D}
	EndGlobalSection
EndGlobal
